
Microsoft Visual Studio Solution File, Format Version 12.00
# Visual Studio 15
VisualStudioVersion = 15.0.28307.136
MinimumVisualStudioVersion = 10.0.40219.1
Project("{FAE04EC0-301F-11D3-BF4B-00C04F79EFBC}") = "VideoProcessor", "VideoProcessor\VideoProcessor.csproj", "{3FC2EC64-0F0B-433A-ACA0-B3A848CEB02C}"
EndProject
Global
	GlobalSection(SolutionConfigurationPlatforms) = preSolution
		Debug|Any CPU = Debug|Any CPU
		Release|Any CPU = Release|Any CPU
	EndGlobalSection
	GlobalSection(ProjectConfigurationPlatforms) = postSolution
		{3FC2EC64-0F0B-433A-ACA0-B3A848CEB02C}.Debug|Any CPU.ActiveCfg = Debug|Any CPU
		{3FC2EC64-0F0B-433A-ACA0-B3A848CEB02C}.Debug|Any CPU.Build.0 = Debug|Any CPU
		{3FC2EC64-0F0B-433A-ACA0-B3A848CEB02C}.Release|Any CPU.ActiveCfg = Release|Any CPU
		{3FC2EC64-0F0B-433A-ACA0-B3A848CEB02C}.Release|Any CPU.Build.0 = Release|Any CPU
	EndGlobalSection
	GlobalSection(SolutionProperties) = preSolution
		HideSolutionNode = FALSE
	EndGlobalSection
	GlobalSection(ExtensibilityGlobals) = postSolution
		SolutionGuid = {CDC29C60-605A-4CC3-BD82-7561D11A825F}
	EndGlobalSection
EndGlobal
